
Microsoft Visual Studio Solution File, Format Version 12.00
# Visual Studio Version 17
VisualStudioVersion = 17.10.35122.118
MinimumVisualStudioVersion = 10.0.40219.1
Project("{2150E333-8FDC-42A3-9474-1A3956D46DE8}") = "Solution Items", "Solution Items", "{91CF58B2-C11E-4876-9BD4-F463EE6F4202}"
	ProjectSection(SolutionItems) = preProject
		docker-compose.override.yml = docker-compose.override.yml
		docker-compose.yml = docker-compose.yml
		global.json = global.json
	EndProjectSection
EndProject
Project("{2150E333-8FDC-42A3-9474-1A3956D46DE8}") = "src", "src", "{3D05FA34-280C-4787-8400-EA775A7A5E0A}"
EndProject
Project("{2150E333-8FDC-42A3-9474-1A3956D46DE8}") = "ApiGateways", "ApiGateways", "{48C0366E-ED61-4D3A-BC7F-3CC48C9D7859}"
EndProject
Project("{2150E333-8FDC-42A3-9474-1A3956D46DE8}") = "BuildingBlocks", "BuildingBlocks", "{6999FA62-E3B1-498D-B1FC-1E433C10422B}"
EndProject
Project("{2150E333-8FDC-42A3-9474-1A3956D46DE8}") = "Services", "Services", "{669AE1D8-6CE3-4372-837B-1BF104FBC6A9}"
EndProject
Project("{2150E333-8FDC-42A3-9474-1A3956D46DE8}") = "WebApps", "WebApps", "{C9D8C111-C462-4F39-9B1F-7E45C3382C59}"
EndProject
Project("{9A19103F-16F7-4668-BE54-9A1E7A4F7556}") = "WebHealthStatus", "src\WebApps\WebHealthStatus\WebHealthStatus.csproj", "{FEF3E17E-6627-4D65-BBD4-DD3082AADA84}"
EndProject
Project("{2150E333-8FDC-42A3-9474-1A3956D46DE8}") = "Basket", "Basket", "{509362CF-6DA3-484E-893E-D67C7D9AB554}"
EndProject
Project("{2150E333-8FDC-42A3-9474-1A3956D46DE8}") = "Customer", "Customer", "{FD5BDED1-282B-4308-A472-185D3C376FA7}"
EndProject
Project("{2150E333-8FDC-42A3-9474-1A3956D46DE8}") = "Inventory", "Inventory", "{08387320-DD8B-4D91-8524-EB4344F968BA}"
EndProject
Project("{2150E333-8FDC-42A3-9474-1A3956D46DE8}") = "Ordering", "Ordering", "{26E43837-A725-4A48-B833-62549C0371FB}"
EndProject
Project("{2150E333-8FDC-42A3-9474-1A3956D46DE8}") = "Product", "Product", "{AEEA1433-736E-4F46-9EAD-955CB568DB08}"
EndProject
Project("{2150E333-8FDC-42A3-9474-1A3956D46DE8}") = "ScheduledJob", "ScheduledJob", "{558EB911-4922-43E5-BCC6-1FF2863C0BA0}"
EndProject
Project("{9A19103F-16F7-4668-BE54-9A1E7A4F7556}") = "Hangfire.API", "src\Services\ScheduledJob\Hangfire.API\Hangfire.API.csproj", "{1D2EEEEC-8CDD-43DF-B7FC-025C17DD46BC}"
EndProject
Project("{9A19103F-16F7-4668-BE54-9A1E7A4F7556}") = "Product.API", "src\Services\Product\Product.API\Product.API.csproj", "{5AE9A9FE-FEEF-4BC2-9005-C28E7B31F648}"
EndProject
Project("{9A19103F-16F7-4668-BE54-9A1E7A4F7556}") = "Ordering.API", "src\Services\Ordering\Ordering.API\Ordering.API.csproj", "{49CCADA2-2C98-4491-96E2-BD58DFAA0F62}"
EndProject
Project("{9A19103F-16F7-4668-BE54-9A1E7A4F7556}") = "Inventory.Product.API", "src\Services\Inventory\Inventory.Product.API\Inventory.Product.API.csproj", "{B5EBB9CD-497B-4A90-90BB-21A0813991F9}"
EndProject
Project("{9A19103F-16F7-4668-BE54-9A1E7A4F7556}") = "Customer.API", "src\Services\Customer\Customer.API\Customer.API.csproj", "{499F1703-EA46-494D-B05E-D17EB57D0E83}"
EndProject
Project("{9A19103F-16F7-4668-BE54-9A1E7A4F7556}") = "Basket.API", "src\Services\Basket\Basket.API\Basket.API.csproj", "{43F6195C-46E7-495D-9008-C7002AD77B2A}"
EndProject
Project("{9A19103F-16F7-4668-BE54-9A1E7A4F7556}") = "OcelotApiGw", "src\ApiGateways\OcelotApiGw\OcelotApiGw.csproj", "{FDC2E98D-60DC-497D-B7AD-05663E3B131C}"
EndProject
Project("{9A19103F-16F7-4668-BE54-9A1E7A4F7556}") = "Common.Logger", "src\BuildingBlocks\Common.Logger\Common.Logger.csproj", "{28429013-60FE-4852-B378-1E4ADC2CE1F9}"
EndProject
Project("{9A19103F-16F7-4668-BE54-9A1E7A4F7556}") = "Contracts", "src\BuildingBlocks\Contracts\Contracts.csproj", "{86445055-EF7D-444D-A3CA-10AEFBCE460B}"
EndProject
Project("{FAE04EC0-301F-11D3-BF4B-00C04F79EFBC}") = "Infrastructure", "src\BuildingBlocks\Infrastructure\Infrastructure.csproj", "{6A7CEF66-31A3-4883-BC8E-6175E3F2E072}"
EndProject
Project("{FAE04EC0-301F-11D3-BF4B-00C04F79EFBC}") = "Shared", "src\BuildingBlocks\Shared\Shared.csproj", "{7439B742-2407-47EF-9538-212C0984E6A6}"
EndProject
Project("{FAE04EC0-301F-11D3-BF4B-00C04F79EFBC}") = "Ordering.Application", "src\Services\Ordering\Ordering.Application\Ordering.Application.csproj", "{694AF56A-465C-42A9-9C83-99A1659202CF}"
EndProject
Project("{FAE04EC0-301F-11D3-BF4B-00C04F79EFBC}") = "Ordering.Domain", "src\Services\Ordering\Ordering.Domain\Ordering.Domain.csproj", "{F3EE1627-99ED-48F9-8DCB-469B33F8F5B5}"
EndProject
Project("{FAE04EC0-301F-11D3-BF4B-00C04F79EFBC}") = "Ordering.Infrastructure", "src\Services\Ordering\Ordering.Infrastructure\Ordering.Infrastructure.csproj", "{8F9D80DF-F204-442C-8094-066497199AC3}"
EndProject
Project("{2150E333-8FDC-42A3-9474-1A3956D46DE8}") = "EventBus", "EventBus", "{716C85EA-B792-45F6-83B0-2601A78EF548}"
EndProject
Project("{FAE04EC0-301F-11D3-BF4B-00C04F79EFBC}") = "EventBus.Messages", "src\BuildingBlocks\EventBus\EventBus.Messages\EventBus.Messages.csproj", "{A86CDDED-5739-47EA-BD42-E3C05DB9ED07}"
EndProject
Global
	GlobalSection(SolutionConfigurationPlatforms) = preSolution
		Debug|Any CPU = Debug|Any CPU
		Release|Any CPU = Release|Any CPU
	EndGlobalSection
	GlobalSection(ProjectConfigurationPlatforms) = postSolution
		{FEF3E17E-6627-4D65-BBD4-DD3082AADA84}.Debug|Any CPU.ActiveCfg = Debug|Any CPU
		{FEF3E17E-6627-4D65-BBD4-DD3082AADA84}.Debug|Any CPU.Build.0 = Debug|Any CPU
		{FEF3E17E-6627-4D65-BBD4-DD3082AADA84}.Release|Any CPU.ActiveCfg = Release|Any CPU
		{FEF3E17E-6627-4D65-BBD4-DD3082AADA84}.Release|Any CPU.Build.0 = Release|Any CPU
		{1D2EEEEC-8CDD-43DF-B7FC-025C17DD46BC}.Debug|Any CPU.ActiveCfg = Debug|Any CPU
		{1D2EEEEC-8CDD-43DF-B7FC-025C17DD46BC}.Debug|Any CPU.Build.0 = Debug|Any CPU
		{1D2EEEEC-8CDD-43DF-B7FC-025C17DD46BC}.Release|Any CPU.ActiveCfg = Release|Any CPU
		{1D2EEEEC-8CDD-43DF-B7FC-025C17DD46BC}.Release|Any CPU.Build.0 = Release|Any CPU
		{5AE9A9FE-FEEF-4BC2-9005-C28E7B31F648}.Debug|Any CPU.ActiveCfg = Debug|Any CPU
		{5AE9A9FE-FEEF-4BC2-9005-C28E7B31F648}.Debug|Any CPU.Build.0 = Debug|Any CPU
		{5AE9A9FE-FEEF-4BC2-9005-C28E7B31F648}.Release|Any CPU.ActiveCfg = Release|Any CPU
		{5AE9A9FE-FEEF-4BC2-9005-C28E7B31F648}.Release|Any CPU.Build.0 = Release|Any CPU
		{49CCADA2-2C98-4491-96E2-BD58DFAA0F62}.Debug|Any CPU.ActiveCfg = Debug|Any CPU
		{49CCADA2-2C98-4491-96E2-BD58DFAA0F62}.Debug|Any CPU.Build.0 = Debug|Any CPU
		{49CCADA2-2C98-4491-96E2-BD58DFAA0F62}.Release|Any CPU.ActiveCfg = Release|Any CPU
		{49CCADA2-2C98-4491-96E2-BD58DFAA0F62}.Release|Any CPU.Build.0 = Release|Any CPU
		{B5EBB9CD-497B-4A90-90BB-21A0813991F9}.Debug|Any CPU.ActiveCfg = Debug|Any CPU
		{B5EBB9CD-497B-4A90-90BB-21A0813991F9}.Debug|Any CPU.Build.0 = Debug|Any CPU
		{B5EBB9CD-497B-4A90-90BB-21A0813991F9}.Release|Any CPU.ActiveCfg = Release|Any CPU
		{B5EBB9CD-497B-4A90-90BB-21A0813991F9}.Release|Any CPU.Build.0 = Release|Any CPU
		{499F1703-EA46-494D-B05E-D17EB57D0E83}.Debug|Any CPU.ActiveCfg = Debug|Any CPU
		{499F1703-EA46-494D-B05E-D17EB57D0E83}.Debug|Any CPU.Build.0 = Debug|Any CPU
		{499F1703-EA46-494D-B05E-D17EB57D0E83}.Release|Any CPU.ActiveCfg = Release|Any CPU
		{499F1703-EA46-494D-B05E-D17EB57D0E83}.Release|Any CPU.Build.0 = Release|Any CPU
		{43F6195C-46E7-495D-9008-C7002AD77B2A}.Debug|Any CPU.ActiveCfg = Debug|Any CPU
		{43F6195C-46E7-495D-9008-C7002AD77B2A}.Debug|Any CPU.Build.0 = Debug|Any CPU
		{43F6195C-46E7-495D-9008-C7002AD77B2A}.Release|Any CPU.ActiveCfg = Release|Any CPU
		{43F6195C-46E7-495D-9008-C7002AD77B2A}.Release|Any CPU.Build.0 = Release|Any CPU
		{FDC2E98D-60DC-497D-B7AD-05663E3B131C}.Debug|Any CPU.ActiveCfg = Debug|Any CPU
		{FDC2E98D-60DC-497D-B7AD-05663E3B131C}.Debug|Any CPU.Build.0 = Debug|Any CPU
		{FDC2E98D-60DC-497D-B7AD-05663E3B131C}.Release|Any CPU.ActiveCfg = Release|Any CPU
		{FDC2E98D-60DC-497D-B7AD-05663E3B131C}.Release|Any CPU.Build.0 = Release|Any CPU
		{28429013-60FE-4852-B378-1E4ADC2CE1F9}.Debug|Any CPU.ActiveCfg = Debug|Any CPU
		{28429013-60FE-4852-B378-1E4ADC2CE1F9}.Debug|Any CPU.Build.0 = Debug|Any CPU
		{28429013-60FE-4852-B378-1E4ADC2CE1F9}.Release|Any CPU.ActiveCfg = Release|Any CPU
		{28429013-60FE-4852-B378-1E4ADC2CE1F9}.Release|Any CPU.Build.0 = Release|Any CPU
		{86445055-EF7D-444D-A3CA-10AEFBCE460B}.Debug|Any CPU.ActiveCfg = Debug|Any CPU
		{86445055-EF7D-444D-A3CA-10AEFBCE460B}.Debug|Any CPU.Build.0 = Debug|Any CPU
		{86445055-EF7D-444D-A3CA-10AEFBCE460B}.Release|Any CPU.ActiveCfg = Release|Any CPU
		{86445055-EF7D-444D-A3CA-10AEFBCE460B}.Release|Any CPU.Build.0 = Release|Any CPU
		{6A7CEF66-31A3-4883-BC8E-6175E3F2E072}.Debug|Any CPU.ActiveCfg = Debug|Any CPU
		{6A7CEF66-31A3-4883-BC8E-6175E3F2E072}.Debug|Any CPU.Build.0 = Debug|Any CPU
		{6A7CEF66-31A3-4883-BC8E-6175E3F2E072}.Release|Any CPU.ActiveCfg = Release|Any CPU
		{6A7CEF66-31A3-4883-BC8E-6175E3F2E072}.Release|Any CPU.Build.0 = Release|Any CPU
		{7439B742-2407-47EF-9538-212C0984E6A6}.Debug|Any CPU.ActiveCfg = Debug|Any CPU
		{7439B742-2407-47EF-9538-212C0984E6A6}.Debug|Any CPU.Build.0 = Debug|Any CPU
		{7439B742-2407-47EF-9538-212C0984E6A6}.Release|Any CPU.ActiveCfg = Release|Any CPU
		{7439B742-2407-47EF-9538-212C0984E6A6}.Release|Any CPU.Build.0 = Release|Any CPU
		{694AF56A-465C-42A9-9C83-99A1659202CF}.Debug|Any CPU.ActiveCfg = Debug|Any CPU
		{694AF56A-465C-42A9-9C83-99A1659202CF}.Debug|Any CPU.Build.0 = Debug|Any CPU
		{694AF56A-465C-42A9-9C83-99A1659202CF}.Release|Any CPU.ActiveCfg = Release|Any CPU
		{694AF56A-465C-42A9-9C83-99A1659202CF}.Release|Any CPU.Build.0 = Release|Any CPU
		{F3EE1627-99ED-48F9-8DCB-469B33F8F5B5}.Debug|Any CPU.ActiveCfg = Debug|Any CPU
		{F3EE1627-99ED-48F9-8DCB-469B33F8F5B5}.Debug|Any CPU.Build.0 = Debug|Any CPU
		{F3EE1627-99ED-48F9-8DCB-469B33F8F5B5}.Release|Any CPU.ActiveCfg = Release|Any CPU
		{F3EE1627-99ED-48F9-8DCB-469B33F8F5B5}.Release|Any CPU.Build.0 = Release|Any CPU
		{8F9D80DF-F204-442C-8094-066497199AC3}.Debug|Any CPU.ActiveCfg = Debug|Any CPU
		{8F9D80DF-F204-442C-8094-066497199AC3}.Debug|Any CPU.Build.0 = Debug|Any CPU
		{8F9D80DF-F204-442C-8094-066497199AC3}.Release|Any CPU.ActiveCfg = Release|Any CPU
		{8F9D80DF-F204-442C-8094-066497199AC3}.Release|Any CPU.Build.0 = Release|Any CPU
		{A86CDDED-5739-47EA-BD42-E3C05DB9ED07}.Debug|Any CPU.ActiveCfg = Debug|Any CPU
		{A86CDDED-5739-47EA-BD42-E3C05DB9ED07}.Debug|Any CPU.Build.0 = Debug|Any CPU
		{A86CDDED-5739-47EA-BD42-E3C05DB9ED07}.Release|Any CPU.ActiveCfg = Release|Any CPU
		{A86CDDED-5739-47EA-BD42-E3C05DB9ED07}.Release|Any CPU.Build.0 = Release|Any CPU
	EndGlobalSection
	GlobalSection(SolutionProperties) = preSolution
		HideSolutionNode = FALSE
	EndGlobalSection
	GlobalSection(NestedProjects) = preSolution
		{48C0366E-ED61-4D3A-BC7F-3CC48C9D7859} = {3D05FA34-280C-4787-8400-EA775A7A5E0A}
		{6999FA62-E3B1-498D-B1FC-1E433C10422B} = {3D05FA34-280C-4787-8400-EA775A7A5E0A}
		{669AE1D8-6CE3-4372-837B-1BF104FBC6A9} = {3D05FA34-280C-4787-8400-EA775A7A5E0A}
		{C9D8C111-C462-4F39-9B1F-7E45C3382C59} = {3D05FA34-280C-4787-8400-EA775A7A5E0A}
		{FEF3E17E-6627-4D65-BBD4-DD3082AADA84} = {C9D8C111-C462-4F39-9B1F-7E45C3382C59}
		{509362CF-6DA3-484E-893E-D67C7D9AB554} = {669AE1D8-6CE3-4372-837B-1BF104FBC6A9}
		{FD5BDED1-282B-4308-A472-185D3C376FA7} = {669AE1D8-6CE3-4372-837B-1BF104FBC6A9}
		{08387320-DD8B-4D91-8524-EB4344F968BA} = {669AE1D8-6CE3-4372-837B-1BF104FBC6A9}
		{26E43837-A725-4A48-B833-62549C0371FB} = {669AE1D8-6CE3-4372-837B-1BF104FBC6A9}
		{AEEA1433-736E-4F46-9EAD-955CB568DB08} = {669AE1D8-6CE3-4372-837B-1BF104FBC6A9}
		{558EB911-4922-43E5-BCC6-1FF2863C0BA0} = {669AE1D8-6CE3-4372-837B-1BF104FBC6A9}
		{1D2EEEEC-8CDD-43DF-B7FC-025C17DD46BC} = {558EB911-4922-43E5-BCC6-1FF2863C0BA0}
		{5AE9A9FE-FEEF-4BC2-9005-C28E7B31F648} = {AEEA1433-736E-4F46-9EAD-955CB568DB08}
		{49CCADA2-2C98-4491-96E2-BD58DFAA0F62} = {26E43837-A725-4A48-B833-62549C0371FB}
		{B5EBB9CD-497B-4A90-90BB-21A0813991F9} = {08387320-DD8B-4D91-8524-EB4344F968BA}
		{499F1703-EA46-494D-B05E-D17EB57D0E83} = {FD5BDED1-282B-4308-A472-185D3C376FA7}
		{43F6195C-46E7-495D-9008-C7002AD77B2A} = {509362CF-6DA3-484E-893E-D67C7D9AB554}
		{FDC2E98D-60DC-497D-B7AD-05663E3B131C} = {48C0366E-ED61-4D3A-BC7F-3CC48C9D7859}
		{28429013-60FE-4852-B378-1E4ADC2CE1F9} = {6999FA62-E3B1-498D-B1FC-1E433C10422B}
		{86445055-EF7D-444D-A3CA-10AEFBCE460B} = {6999FA62-E3B1-498D-B1FC-1E433C10422B}
		{6A7CEF66-31A3-4883-BC8E-6175E3F2E072} = {6999FA62-E3B1-498D-B1FC-1E433C10422B}
		{7439B742-2407-47EF-9538-212C0984E6A6} = {6999FA62-E3B1-498D-B1FC-1E433C10422B}
		{694AF56A-465C-42A9-9C83-99A1659202CF} = {26E43837-A725-4A48-B833-62549C0371FB}
		{F3EE1627-99ED-48F9-8DCB-469B33F8F5B5} = {26E43837-A725-4A48-B833-62549C0371FB}
		{8F9D80DF-F204-442C-8094-066497199AC3} = {26E43837-A725-4A48-B833-62549C0371FB}
		{716C85EA-B792-45F6-83B0-2601A78EF548} = {6999FA62-E3B1-498D-B1FC-1E433C10422B}
		{A86CDDED-5739-47EA-BD42-E3C05DB9ED07} = {716C85EA-B792-45F6-83B0-2601A78EF548}
	EndGlobalSection
	GlobalSection(ExtensibilityGlobals) = postSolution
		SolutionGuid = {B5134C8D-DDD1-49FD-BBA8-E07B23E66B8F}
	EndGlobalSection
EndGlobal
